
Microsoft Visual Studio Solution File, Format Version 12.00
# Visual Studio Version 16
VisualStudioVersion = 16.0.31624.102
MinimumVisualStudioVersion = 10.0.40219.1
Project("{FAE04EC0-301F-11D3-BF4B-00C04F79EFBC}") = "senai.spmedgroup.webApi", "senai.spmedgroup.webApi\senai.spmedgroup.webApi.csproj", "{38964947-90F3-44C0-9145-3E914F74EDE0}"
EndProject
Global
	GlobalSection(SolutionConfigurationPlatforms) = preSolution
		Debug|Any CPU = Debug|Any CPU
		Release|Any CPU = Release|Any CPU
	EndGlobalSection
	GlobalSection(ProjectConfigurationPlatforms) = postSolution
		{38964947-90F3-44C0-9145-3E914F74EDE0}.Debug|Any CPU.ActiveCfg = Debug|Any CPU
		{38964947-90F3-44C0-9145-3E914F74EDE0}.Debug|Any CPU.Build.0 = Debug|Any CPU
		{38964947-90F3-44C0-9145-3E914F74EDE0}.Release|Any CPU.ActiveCfg = Release|Any CPU
		{38964947-90F3-44C0-9145-3E914F74EDE0}.Release|Any CPU.Build.0 = Release|Any CPU
	EndGlobalSection
	GlobalSection(SolutionProperties) = preSolution
		HideSolutionNode = FALSE
	EndGlobalSection
	GlobalSection(ExtensibilityGlobals) = postSolution
		SolutionGuid = {0091E1AD-670B-4E36-BC9F-7778F1BE82A6}
	EndGlobalSection
EndGlobal
