
Microsoft Visual Studio Solution File, Format Version 12.00
# Visual Studio Version 16
VisualStudioVersion = 16.0.31613.86
MinimumVisualStudioVersion = 10.0.40219.1
Project("{FAE04EC0-301F-11D3-BF4B-00C04F79EFBC}") = "senai.hroads.webApi", "senai.hroads.webApi\senai.hroads.webApi.csproj", "{22E496F4-9F35-41D0-AB77-0353700D7D35}"
EndProject
Global
	GlobalSection(SolutionConfigurationPlatforms) = preSolution
		Debug|Any CPU = Debug|Any CPU
		Release|Any CPU = Release|Any CPU
	EndGlobalSection
	GlobalSection(ProjectConfigurationPlatforms) = postSolution
		{22E496F4-9F35-41D0-AB77-0353700D7D35}.Debug|Any CPU.ActiveCfg = Debug|Any CPU
		{22E496F4-9F35-41D0-AB77-0353700D7D35}.Debug|Any CPU.Build.0 = Debug|Any CPU
		{22E496F4-9F35-41D0-AB77-0353700D7D35}.Release|Any CPU.ActiveCfg = Release|Any CPU
		{22E496F4-9F35-41D0-AB77-0353700D7D35}.Release|Any CPU.Build.0 = Release|Any CPU
	EndGlobalSection
	GlobalSection(SolutionProperties) = preSolution
		HideSolutionNode = FALSE
	EndGlobalSection
	GlobalSection(ExtensibilityGlobals) = postSolution
		SolutionGuid = {2D4DD459-B96D-49E0-A05D-C9C2900AE342}
	EndGlobalSection
EndGlobal
